
Microsoft Visual Studio Solution File, Format Version 12.00
# Visual Studio Version 17
VisualStudioVersion = 17.14.36414.22
MinimumVisualStudioVersion = 10.0.40219.1
Project("{FAE04EC0-301F-11D3-BF4B-00C04F79EFBC}") = "Creator(GRASP)AndSRP", "Creator(GRASP)\Creator(GRASP)AndSRP.csproj", "{788FABDA-4777-455E-8626-579FA53FA9F1}"
EndProject
Project("{FAE04EC0-301F-11D3-BF4B-00C04F79EFBC}") = "No_CreatorAndSRP", "No-Creator\No_CreatorAndSRP.csproj", "{1361FE33-333F-46F2-9FAC-AC7590BDB2C7}"
EndProject
Global
	GlobalSection(SolutionConfigurationPlatforms) = preSolution
		Debug|Any CPU = Debug|Any CPU
		Release|Any CPU = Release|Any CPU
	EndGlobalSection
	GlobalSection(ProjectConfigurationPlatforms) = postSolution
		{788FABDA-4777-455E-8626-579FA53FA9F1}.Debug|Any CPU.ActiveCfg = Debug|Any CPU
		{788FABDA-4777-455E-8626-579FA53FA9F1}.Debug|Any CPU.Build.0 = Debug|Any CPU
		{788FABDA-4777-455E-8626-579FA53FA9F1}.Release|Any CPU.ActiveCfg = Release|Any CPU
		{788FABDA-4777-455E-8626-579FA53FA9F1}.Release|Any CPU.Build.0 = Release|Any CPU
		{1361FE33-333F-46F2-9FAC-AC7590BDB2C7}.Debug|Any CPU.ActiveCfg = Debug|Any CPU
		{1361FE33-333F-46F2-9FAC-AC7590BDB2C7}.Debug|Any CPU.Build.0 = Debug|Any CPU
		{1361FE33-333F-46F2-9FAC-AC7590BDB2C7}.Release|Any CPU.ActiveCfg = Release|Any CPU
		{1361FE33-333F-46F2-9FAC-AC7590BDB2C7}.Release|Any CPU.Build.0 = Release|Any CPU
	EndGlobalSection
	GlobalSection(SolutionProperties) = preSolution
		HideSolutionNode = FALSE
	EndGlobalSection
	GlobalSection(ExtensibilityGlobals) = postSolution
		SolutionGuid = {34483774-B581-488B-ADDA-31DC0A59B423}
	EndGlobalSection
EndGlobal
